# Code generated by scarb DO NOT EDIT.
version = 1

[[package]]
name = "bounded_int"
version = "0.1.0"

[[package]]
name = "snforge_scarb_plugin"
version = "0.34.0"
source = "registry+https://scarbs.xyz/"
checksum = "sha256:56f2b06ff2f0d8bbdfb7fb6c211fba7e4da6e5334ea70ba849af329a739faf11"

[[package]]
name = "snforge_std"
version = "0.34.0"
source = "registry+https://scarbs.xyz/"
checksum = "sha256:bd20964bde07e6fd0f7adb50d41216f05d66abd422ed82241030369333385876"
dependencies = [
 "snforge_scarb_plugin",
]

[[package]]
name = "stwo_cairo_air"
version = "0.1.0"
dependencies = [
 "snforge_std",
 "stwo_constraint_framework",
 "stwo_verifier_core",
]

[[package]]
name = "stwo_constraint_framework"
version = "0.1.0"
dependencies = [
 "stwo_verifier_core",
]

[[package]]
name = "stwo_verifier_core"
version = "0.1.0"
dependencies = [
 "bounded_int",
]
