# Code generated by scarb DO NOT EDIT.
version = 1

[[package]]
name = "bounded_int"
version = "0.1.0"

[[package]]
name = "stwo_cairo_air"
version = "0.1.0"
dependencies = [
 "bounded_int",
 "stwo_constraint_framework",
 "stwo_verifier_core",
 "stwo_verifier_utils",
]

[[package]]
name = "stwo_cairo_verifier"
version = "0.1.0"
dependencies = [
 "stwo_cairo_air",
]

[[package]]
name = "stwo_cairo_verifier_mock"
version = "0.1.0"
dependencies = [
 "stwo_cairo_air",
]

[[package]]
name = "stwo_constraint_framework"
version = "0.1.0"
dependencies = [
 "stwo_verifier_core",
]

[[package]]
name = "stwo_verifier_core"
version = "0.1.0"
dependencies = [
 "bounded_int",
 "stwo_verifier_utils",
]

[[package]]
name = "stwo_verifier_utils"
version = "0.1.0"
dependencies = [
 "bounded_int",
]
